
Microsoft Visual Studio Solution File, Format Version 12.00
# Visual Studio 15
VisualStudioVersion = 15.0.27703.2000
MinimumVisualStudioVersion = 10.0.40219.1
Project("{9A19103F-16F7-4668-BE54-9A1E7A4F7556}") = "GeometricСalculator", "GeometricСalculator\GeometricСalculator.csproj", "{00A172A4-2570-4293-86A2-AC18CA40211F}"
EndProject
Project("{FAE04EC0-301F-11D3-BF4B-00C04F79EFBC}") = "Tests", "Tests\Tests.csproj", "{65D2FC59-9AB7-4BE2-AF5D-312AD2388316}"
EndProject
Global
	GlobalSection(SolutionConfigurationPlatforms) = preSolution
		Debug|Any CPU = Debug|Any CPU
		Release|Any CPU = Release|Any CPU
	EndGlobalSection
	GlobalSection(ProjectConfigurationPlatforms) = postSolution
		{00A172A4-2570-4293-86A2-AC18CA40211F}.Debug|Any CPU.ActiveCfg = Debug|Any CPU
		{00A172A4-2570-4293-86A2-AC18CA40211F}.Debug|Any CPU.Build.0 = Debug|Any CPU
		{00A172A4-2570-4293-86A2-AC18CA40211F}.Release|Any CPU.ActiveCfg = Release|Any CPU
		{00A172A4-2570-4293-86A2-AC18CA40211F}.Release|Any CPU.Build.0 = Release|Any CPU
		{65D2FC59-9AB7-4BE2-AF5D-312AD2388316}.Debug|Any CPU.ActiveCfg = Debug|Any CPU
		{65D2FC59-9AB7-4BE2-AF5D-312AD2388316}.Debug|Any CPU.Build.0 = Debug|Any CPU
		{65D2FC59-9AB7-4BE2-AF5D-312AD2388316}.Release|Any CPU.ActiveCfg = Release|Any CPU
		{65D2FC59-9AB7-4BE2-AF5D-312AD2388316}.Release|Any CPU.Build.0 = Release|Any CPU
	EndGlobalSection
	GlobalSection(SolutionProperties) = preSolution
		HideSolutionNode = FALSE
	EndGlobalSection
	GlobalSection(ExtensibilityGlobals) = postSolution
		SolutionGuid = {279E774D-5BC1-4F17-9387-93D1E5479344}
	EndGlobalSection
EndGlobal
